// !$*UTF8*$!
{
	archiveVersion = 1;
	classes = {
	};
	objectVersion = 46;
	objects = {

/* Begin PBXBuildFile section */
		CBB6413B1F2BC29200B0C52C /* AppDelegate.swift in Sources */ = {isa = PBXBuildFile; fileRef = CBB6413A1F2BC29200B0C52C /* AppDelegate.swift */; };
		CBB6413D1F2BC29200B0C52C /* ViewController.swift in Sources */ = {isa = PBXBuildFile; fileRef = CBB6413C1F2BC29200B0C52C /* ViewController.swift */; };
		CBB641401F2BC29300B0C52C /* Main.storyboard in Resources */ = {isa = PBXBuildFile; fileRef = CBB6413E1F2BC29300B0C52C /* Main.storyboard */; };
		CBB641421F2BC29300B0C52C /* Assets.xcassets in Resources */ = {isa = PBXBuildFile; fileRef = CBB641411F2BC29300B0C52C /* Assets.xcassets */; };
		CBB641451F2BC29300B0C52C /* LaunchScreen.storyboard in Resources */ = {isa = PBXBuildFile; fileRef = CBB641431F2BC29300B0C52C /* LaunchScreen.storyboard */; };
/* End PBXBuildFile section */

/* Begin PBXFileReference section */
		CBB641371F2BC29200B0C52C /* Quicksaurus.app */ = {isa = PBXFileReference; explicitFileType = wrapper.application; includeInIndex = 0; path = Quicksaurus.app; sourceTree = BUILT_PRODUCTS_DIR; };
		CBB6413A1F2BC29200B0C52C /* AppDelegate.swift */ = {isa = PBXFileReference; lastKnownFileType = sourcecode.swift; path = AppDelegate.swift; sourceTree = "<group>"; };
		CBB6413C1F2BC29200B0C52C /* ViewController.swift */ = {isa = PBXFileReference; lastKnownFileType = sourcecode.swift; path = ViewController.swift; sourceTree = "<group>"; };
		CBB6413F1F2BC29300B0C52C /* Base */ = {isa = PBXFileReference; lastKnownFileType = file.storyboard; name = Base; path = Base.lproj/Main.storyboard; sourceTree = "<group>"; };
		CBB641411F2BC29300B0C52C /* Assets.xcassets */ = {isa = PBXFileReference; lastKnownFileType = folder.assetcatalog; path = Assets.xcassets; sourceTree = "<group>"; };
		CBB641441F2BC29300B0C52C /* Base */ = {isa = PBXFileReference; lastKnownFileType = file.storyboard; name = Base; path = Base.lproj/LaunchScreen.storyboard; sourceTree = "<group>"; };
		CBB641461F2BC29300B0C52C /* Info.plist */ = {isa = PBXFileReference; lastKnownFileType = text.plist.xml; path = Info.plist; sourceTree = "<group>"; };
/* End PBXFileReference section */

/* Begin PBXFrameworksBuildPhase section */
		CBB641341F2BC29200B0C52C /* Frameworks */ = {
			isa = PBXFrameworksBuildPhase;
			buildActionMask = 2147483647;
			files = (
			);
			runOnlyForDeploymentPostprocessing = 0;
		};
/* End PBXFrameworksBuildPhase section */

/* Begin PBXGroup section */
		CBB6412E1F2BC29200B0C52C = {
			isa = PBXGroup;
			children = (
				CBB641391F2BC29200B0C52C /* Quicksaurus */,
				CBB641381F2BC29200B0C52C /* Products */,
			);
			sourceTree = "<group>";
		};
		CBB641381F2BC29200B0C52C /* Products */ = {
			isa = PBXGroup;
			children = (
				CBB641371F2BC29200B0C52C /* Quicksaurus.app */,
			);
			name = Products;
			sourceTree = "<group>";
		};
		CBB641391F2BC29200B0C52C /* Quicksaurus */ = {
			isa = PBXGroup;
			children = (
				CBB6413A1F2BC29200B0C52C /* AppDelegate.swift */,
				CBB6413C1F2BC29200B0C52C /* ViewController.swift */,
				CBB6413E1F2BC29300B0C52C /* Main.storyboard */,
				CBB641411F2BC29300B0C52C /* Assets.xcassets */,
				CBB641431F2BC29300B0C52C /* LaunchScreen.storyboard */,
				CBB641461F2BC29300B0C52C /* Info.plist */,
			);
			path = Quicksaurus;
			sourceTree = "<group>";
		};
/* End PBXGroup section */

/* Begin PBXNativeTarget section */
		CBB641361F2BC29200B0C52C /* Quicksaurus */ = {
			isa = PBXNativeTarget;
			buildConfigurationList = CBB641491F2BC29300B0C52C /* Build configuration list for PBXNativeTarget "Quicksaurus" */;
			buildPhases = (
				CBB641331F2BC29200B0C52C /* Sources */,
				CBB641341F2BC29200B0C52C /* Frameworks */,
				CBB641351F2BC29200B0C52C /* Resources */,
			);
			buildRules = (
			);
			dependencies = (
			);
			name = Quicksaurus;
			productName = Quicksaurus;
			productReference = CBB641371F2BC29200B0C52C /* Quicksaurus.app */;
			productType = "com.apple.product-type.application";
		};
/* End PBXNativeTarget section */

/* Begin PBXProject section */
		CBB6412F1F2BC29200B0C52C /* Project object */ = {
			isa = PBXProject;
			attributes = {
				LastSwiftUpdateCheck = 0830;
				LastUpgradeCheck = 0830;
				ORGANIZATIONNAME = "Nguyen Do";
				TargetAttributes = {
					CBB641361F2BC29200B0C52C = {
						CreatedOnToolsVersion = 8.3.3;
						DevelopmentTeam = 9UQ9X6GN24;
						ProvisioningStyle = Automatic;
					};
				};
			};
			buildConfigurationList = CBB641321F2BC29200B0C52C /* Build configuration list for PBXProject "Quicksaurus" */;
			compatibilityVersion = "Xcode 3.2";
			developmentRegion = English;
			hasScannedForEncodings = 0;
			knownRegions = (
				en,
				Base,
			);
			mainGroup = CBB6412E1F2BC29200B0C52C;
			productRefGroup = CBB641381F2BC29200B0C52C /* Products */;
			projectDirPath = "";
			projectRoot = "";
			targets = (
				CBB641361F2BC29200B0C52C /* Quicksaurus */,
			);
		};
/* End PBXProject section */

/* Begin PBXResourcesBuildPhase section */
		CBB641351F2BC29200B0C52C /* Resources */ = {
			isa = PBXResourcesBuildPhase;
			buildActionMask = 2147483647;
			files = (
				CBB641451F2BC29300B0C52C /* LaunchScreen.storyboard in Resources */,
				CBB641421F2BC29300B0C52C /* Assets.xcassets in Resources */,
				CBB641401F2BC29300B0C52C /* Main.storyboard in Resources */,
			);
			runOnlyForDeploymentPostprocessing = 0;
		};
/* End PBXResourcesBuildPhase section */

/* Begin PBXSourcesBuildPhase section */
		CBB641331F2BC29200B0C52C /* Sources */ = {
			isa = PBXSourcesBuildPhase;
			buildActionMask = 2147483647;
			files = (
				CBB6413D1F2BC29200B0C52C /* ViewController.swift in Sources */,
				CBB6413B1F2BC29200B0C52C /* AppDelegate.swift in Sources */,
			);
			runOnlyForDeploymentPostprocessing = 0;
		};
/* End PBXSourcesBuildPhase section */

/* Begin PBXVariantGroup section */
		CBB6413E1F2BC29300B0C52C /* Main.storyboard */ = {
			isa = PBXVariantGroup;
			children = (
				CBB6413F1F2BC29300B0C52C /* Base */,
			);
			name = Main.storyboard;
			sourceTree = "<group>";
		};
		CBB641431F2BC29300B0C52C /* LaunchScreen.storyboard */ = {
			isa = PBXVariantGroup;
			children = (
				CBB641441F2BC29300B0C52C /* Base */,
			);
			name = LaunchScreen.storyboard;
			sourceTree = "<group>";
		};
/* End PBXVariantGroup section */

/* Begin XCBuildConfiguration section */
		CBB641471F2BC29300B0C52C /* Debug */ = {
			isa = XCBuildConfiguration;
			buildSettings = {
				ALWAYS_SEARCH_USER_PATHS = NO;
				CLANG_ANALYZER_NONNULL = YES;
				CLANG_ANALYZER_NUMBER_OBJECT_CONVERSION = YES_AGGRESSIVE;
				CLANG_CXX_LANGUAGE_STANDARD = "gnu++0x";
				CLANG_CXX_LIBRARY = "libc++";
				CLANG_ENABLE_MODULES = YES;
				CLANG_ENABLE_OBJC_ARC = YES;
				CLANG_WARN_BOOL_CONVERSION = YES;
				CLANG_WARN_CONSTANT_CONVERSION = YES;
				CLANG_WARN_DIRECT_OBJC_ISA_USAGE = YES_ERROR;
				CLANG_WARN_DOCUMENTATION_COMMENTS = YES;
				CLANG_WARN_EMPTY_BODY = YES;
				CLANG_WARN_ENUM_CONVERSION = YES;
				CLANG_WARN_INFINITE_RECURSION = YES;
				CLANG_WARN_INT_CONVERSION = YES;
				CLANG_WARN_OBJC_ROOT_CLASS = YES_ERROR;
				CLANG_WARN_SUSPICIOUS_MOVE = YES;
				CLANG_WARN_UNREACHABLE_CODE = YES;
				CLANG_WARN__DUPLICATE_METHOD_MATCH = YES;
				"CODE_SIGN_IDENTITY[sdk=iphoneos*]" = "iPhone Developer";
				COPY_PHASE_STRIP = NO;
				DEBUG_INFORMATION_FORMAT = dwarf;
				ENABLE_STRICT_OBJC_MSGSEND = YES;
				ENABLE_TESTABILITY = YES;
				GCC_C_LANGUAGE_STANDARD = gnu99;
				GCC_DYNAMIC_NO_PIC = NO;
				GCC_NO_COMMON_BLOCKS = YES;
				GCC_OPTIMIZATION_LEVEL = 0;
				GCC_PREPROCESSOR_DEFINITIONS = (
					"DEBUG=1",
					"$(inherited)",
				);
				GCC_WARN_64_TO_32_BIT_CONVERSION = YES;
				GCC_WARN_ABOUT_RETURN_TYPE = YES_ERROR;
				GCC_WARN_UNDECLARED_SELECTOR = YES;
				GCC_WARN_UNINITIALIZED_AUTOS = YES_AGGRESSIVE;
				GCC_WARN_UNUSED_FUNCTION = YES;
				GCC_WARN_UNUSED_VARIABLE = YES;
				IPHONEOS_DEPLOYMENT_TARGET = 10.3;
				MTL_ENABLE_DEBUG_INFO = YES;
				ONLY_ACTIVE_ARCH = YES;
				SDKROOT = iphoneos;
				SWIFT_ACTIVE_COMPILATION_CONDITIONS = DEBUG;
				SWIFT_OPTIMIZATION_LEVEL = "-Onone";
			};
			name = Debug;
		};
		CBB641481F2BC29300B0C52C /* Release */ = {
			isa = XCBuildConfiguration;
			buildSettings = {
				ALWAYS_SEARCH_USER_PATHS = NO;
				CLANG_ANALYZER_NONNULL = YES;
				CLANG_ANALYZER_NUMBER_OBJECT_CONVERSION = YES_AGGRESSIVE;
				CLANG_CXX_LANGUAGE_STANDARD = "gnu++0x";
				CLANG_CXX_LIBRARY = "libc++";
				CLANG_ENABLE_MODULES = YES;
				CLANG_ENABLE_OBJC_ARC = YES;
				CLANG_WARN_BOOL_CONVERSION = YES;
				CLANG_WARN_CONSTANT_CONVERSION = YES;
				CLANG_WARN_DIRECT_OBJC_ISA_USAGE = YES_ERROR;
				CLANG_WARN_DOCUMENTATION_COMMENTS = YES;
				CLANG_WARN_EMPTY_BODY = YES;
				CLANG_WARN_ENUM_CONVERSION = YES;
				CLANG_WARN_INFINITE_RECURSION = YES;
				CLANG_WARN_INT_CONVERSION = YES;
				CLANG_WARN_OBJC_ROOT_CLASS = YES_ERROR;
				CLANG_WARN_SUSPICIOUS_MOVE = YES;
				CLANG_WARN_UNREACHABLE_CODE = YES;
				CLANG_WARN__DUPLICATE_METHOD_MATCH = YES;
				"CODE_SIGN_IDENTITY[sdk=iphoneos*]" = "iPhone Developer";
				COPY_PHASE_STRIP = NO;
				DEBUG_INFORMATION_FORMAT = "dwarf-with-dsym";
				ENABLE_NS_ASSERTIONS = NO;
				ENABLE_STRICT_OBJC_MSGSEND = YES;
				GCC_C_LANGUAGE_STANDARD = gnu99;
				GCC_NO_COMMON_BLOCKS = YES;
				GCC_WARN_64_TO_32_BIT_CONVERSION = YES;
				GCC_WARN_ABOUT_RETURN_TYPE = YES_ERROR;
				GCC_WARN_UNDECLARED_SELECTOR = YES;
				GCC_WARN_UNINITIALIZED_AUTOS = YES_AGGRESSIVE;
				GCC_WARN_UNUSED_FUNCTION = YES;
				GCC_WARN_UNUSED_VARIABLE = YES;
				IPHONEOS_DEPLOYMENT_TARGET = 10.3;
				MTL_ENABLE_DEBUG_INFO = NO;
				SDKROOT = iphoneos;
				SWIFT_OPTIMIZATION_LEVEL = "-Owholemodule";
				VALIDATE_PRODUCT = YES;
			};
			name = Release;
		};
		CBB6414A1F2BC29300B0C52C /* Debug */ = {
			isa = XCBuildConfiguration;
			buildSettings = {
				ASSETCATALOG_COMPILER_APPICON_NAME = AppIcon;
				DEVELOPMENT_TEAM = 9UQ9X6GN24;
				INFOPLIST_FILE = Quicksaurus/Info.plist;
				LD_RUNPATH_SEARCH_PATHS = "$(inherited) @executable_path/Frameworks";
				PRODUCT_BUNDLE_IDENTIFIER = gametime.nguyendo.Quicksaurus;
				PRODUCT_NAME = "$(TARGET_NAME)";
				SWIFT_VERSION = 3.0;
			};
			name = Debug;
		};
		CBB6414B1F2BC29300B0C52C /* Release */ = {
			isa = XCBuildConfiguration;
			buildSettings = {
				ASSETCATALOG_COMPILER_APPICON_NAME = AppIcon;
				DEVELOPMENT_TEAM = 9UQ9X6GN24;
				INFOPLIST_FILE = Quicksaurus/Info.plist;
				LD_RUNPATH_SEARCH_PATHS = "$(inherited) @executable_path/Frameworks";
				PRODUCT_BUNDLE_IDENTIFIER = gametime.nguyendo.Quicksaurus;
				PRODUCT_NAME = "$(TARGET_NAME)";
				SWIFT_VERSION = 3.0;
			};
			name = Release;
		};
/* End XCBuildConfiguration section */

/* Begin XCConfigurationList section */
		CBB641321F2BC29200B0C52C /* Build configuration list for PBXProject "Quicksaurus" */ = {
			isa = XCConfigurationList;
			buildConfigurations = (
				CBB641471F2BC29300B0C52C /* Debug */,
				CBB641481F2BC29300B0C52C /* Release */,
			);
			defaultConfigurationIsVisible = 0;
			defaultConfigurationName = Release;
		};
		CBB641491F2BC29300B0C52C /* Build configuration list for PBXNativeTarget "Quicksaurus" */ = {
			isa = XCConfigurationList;
			buildConfigurations = (
				CBB6414A1F2BC29300B0C52C /* Debug */,
				CBB6414B1F2BC29300B0C52C /* Release */,
			);
			defaultConfigurationIsVisible = 0;
		};
/* End XCConfigurationList section */
	};
	rootObject = CBB6412F1F2BC29200B0C52C /* Project object */;
}
